{
  "name": "portable-agent-workflows",
  "version": "0.1.1",
  "lockfileVersion": 3,
  "requires": true,
  "packages": {
    "": {
      "name": "portable-agent-workflows",
      "version": "0.1.1",
      "license": "MIT",
      "bin": {
        "paw": "bin/portable-agent-workflows.mjs",
        "portable-agent-workflows": "bin/portable-agent-workflows.mjs"
      },
      "engines": {
        "node": ">=20"
      }
    }
  }
}
